
Microsoft Visual Studio Solution File, Format Version 12.00
# Visual Studio Version 17
VisualStudioVersion = 17.8.34309.116
MinimumVisualStudioVersion = 10.0.40219.1
Project("{FAE04EC0-301F-11D3-BF4B-00C04F79EFBC}") = "JWT-API", "JWT-API\JWT-API.csproj", "{0F2629E1-6AF6-44F8-ACA4-A01C4FF40D4B}"
EndProject
Global
	GlobalSection(SolutionConfigurationPlatforms) = preSolution
		Debug|Any CPU = Debug|Any CPU
		Release|Any CPU = Release|Any CPU
	EndGlobalSection
	GlobalSection(ProjectConfigurationPlatforms) = postSolution
		{0F2629E1-6AF6-44F8-ACA4-A01C4FF40D4B}.Debug|Any CPU.ActiveCfg = Debug|Any CPU
		{0F2629E1-6AF6-44F8-ACA4-A01C4FF40D4B}.Debug|Any CPU.Build.0 = Debug|Any CPU
		{0F2629E1-6AF6-44F8-ACA4-A01C4FF40D4B}.Release|Any CPU.ActiveCfg = Release|Any CPU
		{0F2629E1-6AF6-44F8-ACA4-A01C4FF40D4B}.Release|Any CPU.Build.0 = Release|Any CPU
	EndGlobalSection
	GlobalSection(SolutionProperties) = preSolution
		HideSolutionNode = FALSE
	EndGlobalSection
	GlobalSection(ExtensibilityGlobals) = postSolution
		SolutionGuid = {F5125CA4-F2B5-4F47-B597-1C5057B4A7B4}
	EndGlobalSection
EndGlobal
